// !$*UTF8*$!
{
	archiveVersion = 1;
	classes = {
	};
	objectVersion = 55;
	objects = {

/* Begin PBXBuildFile section */
		482EA3C927D68D340076C604 /* Movie.swift in Sources */ = {isa = PBXBuildFile; fileRef = 482EA3C827D68D340076C604 /* Movie.swift */; };
		B4BFEBDB27D14403007919F6 /* AppDelegate.swift in Sources */ = {isa = PBXBuildFile; fileRef = B4BFEBDA27D14403007919F6 /* AppDelegate.swift */; };
		B4BFEBDD27D14403007919F6 /* SceneDelegate.swift in Sources */ = {isa = PBXBuildFile; fileRef = B4BFEBDC27D14403007919F6 /* SceneDelegate.swift */; };
		B4BFEBDF27D14403007919F6 /* ViewController.swift in Sources */ = {isa = PBXBuildFile; fileRef = B4BFEBDE27D14403007919F6 /* ViewController.swift */; };
		B4BFEBE227D14403007919F6 /* Main.storyboard in Resources */ = {isa = PBXBuildFile; fileRef = B4BFEBE027D14403007919F6 /* Main.storyboard */; };
		B4BFEBE427D14405007919F6 /* Assets.xcassets in Resources */ = {isa = PBXBuildFile; fileRef = B4BFEBE327D14405007919F6 /* Assets.xcassets */; };
		B4BFEBE727D14405007919F6 /* LaunchScreen.storyboard in Resources */ = {isa = PBXBuildFile; fileRef = B4BFEBE527D14405007919F6 /* LaunchScreen.storyboard */; };
		B4FD3D9E27D280E3001DFE65 /* Coordinator.swift in Sources */ = {isa = PBXBuildFile; fileRef = B4FD3D9D27D280E3001DFE65 /* Coordinator.swift */; };
		B4FD3DA327D281EB001DFE65 /* Storyboarded.swift in Sources */ = {isa = PBXBuildFile; fileRef = B4FD3DA227D281EB001DFE65 /* Storyboarded.swift */; };
		B4FD3DA627D28258001DFE65 /* MainCoordinator.swift in Sources */ = {isa = PBXBuildFile; fileRef = B4FD3DA527D28258001DFE65 /* MainCoordinator.swift */; };
		B4FD3DA827D284FE001DFE65 /* MovieViewController.swift in Sources */ = {isa = PBXBuildFile; fileRef = B4FD3DA727D284FE001DFE65 /* MovieViewController.swift */; };
/* End PBXBuildFile section */

/* Begin PBXFileReference section */
		482EA3C827D68D340076C604 /* Movie.swift */ = {isa = PBXFileReference; lastKnownFileType = sourcecode.swift; path = Movie.swift; sourceTree = "<group>"; };
		B4BFEBD727D14403007919F6 /* MovieDB-MVC-Coordinator.app */ = {isa = PBXFileReference; explicitFileType = wrapper.application; includeInIndex = 0; path = "MovieDB-MVC-Coordinator.app"; sourceTree = BUILT_PRODUCTS_DIR; };
		B4BFEBDA27D14403007919F6 /* AppDelegate.swift */ = {isa = PBXFileReference; lastKnownFileType = sourcecode.swift; path = AppDelegate.swift; sourceTree = "<group>"; };
		B4BFEBDC27D14403007919F6 /* SceneDelegate.swift */ = {isa = PBXFileReference; lastKnownFileType = sourcecode.swift; path = SceneDelegate.swift; sourceTree = "<group>"; };
		B4BFEBDE27D14403007919F6 /* ViewController.swift */ = {isa = PBXFileReference; lastKnownFileType = sourcecode.swift; path = ViewController.swift; sourceTree = "<group>"; };
		B4BFEBE127D14403007919F6 /* Base */ = {isa = PBXFileReference; lastKnownFileType = file.storyboard; name = Base; path = Base.lproj/Main.storyboard; sourceTree = "<group>"; };
		B4BFEBE327D14405007919F6 /* Assets.xcassets */ = {isa = PBXFileReference; lastKnownFileType = folder.assetcatalog; path = Assets.xcassets; sourceTree = "<group>"; };
		B4BFEBE627D14405007919F6 /* Base */ = {isa = PBXFileReference; lastKnownFileType = file.storyboard; name = Base; path = Base.lproj/LaunchScreen.storyboard; sourceTree = "<group>"; };
		B4BFEBE827D14405007919F6 /* Info.plist */ = {isa = PBXFileReference; lastKnownFileType = text.plist.xml; path = Info.plist; sourceTree = "<group>"; };
		B4FD3D9D27D280E3001DFE65 /* Coordinator.swift */ = {isa = PBXFileReference; lastKnownFileType = sourcecode.swift; path = Coordinator.swift; sourceTree = "<group>"; };
		B4FD3DA227D281EB001DFE65 /* Storyboarded.swift */ = {isa = PBXFileReference; lastKnownFileType = sourcecode.swift; path = Storyboarded.swift; sourceTree = "<group>"; };
		B4FD3DA527D28258001DFE65 /* MainCoordinator.swift */ = {isa = PBXFileReference; lastKnownFileType = sourcecode.swift; path = MainCoordinator.swift; sourceTree = "<group>"; };
		B4FD3DA727D284FE001DFE65 /* MovieViewController.swift */ = {isa = PBXFileReference; lastKnownFileType = sourcecode.swift; path = MovieViewController.swift; sourceTree = "<group>"; };
/* End PBXFileReference section */

/* Begin PBXFrameworksBuildPhase section */
		B4BFEBD427D14403007919F6 /* Frameworks */ = {
			isa = PBXFrameworksBuildPhase;
			buildActionMask = 2147483647;
			files = (
			);
			runOnlyForDeploymentPostprocessing = 0;
		};
/* End PBXFrameworksBuildPhase section */

/* Begin PBXGroup section */
		482EA3C627D68D070076C604 /* Model */ = {
			isa = PBXGroup;
			children = (
				482EA3C827D68D340076C604 /* Movie.swift */,
			);
			path = Model;
			sourceTree = "<group>";
		};
		482EA3C727D68D1C0076C604 /* View */ = {
			isa = PBXGroup;
			children = (
			);
			path = View;
			sourceTree = "<group>";
		};
		B4BFEBCE27D14403007919F6 = {
			isa = PBXGroup;
			children = (
				B4BFEBD927D14403007919F6 /* MovieDB-MVC-Coordinator */,
				B4BFEBD827D14403007919F6 /* Products */,
			);
			sourceTree = "<group>";
		};
		B4BFEBD827D14403007919F6 /* Products */ = {
			isa = PBXGroup;
			children = (
				B4BFEBD727D14403007919F6 /* MovieDB-MVC-Coordinator.app */,
			);
			name = Products;
			sourceTree = "<group>";
		};
		B4BFEBD927D14403007919F6 /* MovieDB-MVC-Coordinator */ = {
			isa = PBXGroup;
			children = (
				482EA3C727D68D1C0076C604 /* View */,
				482EA3C627D68D070076C604 /* Model */,
				B4FD3DA127D28123001DFE65 /* Controller */,
				B4BFEBDA27D14403007919F6 /* AppDelegate.swift */,
				B4FD3DA527D28258001DFE65 /* MainCoordinator.swift */,
				B4BFEBDC27D14403007919F6 /* SceneDelegate.swift */,
				B4FD3D9D27D280E3001DFE65 /* Coordinator.swift */,
				B4FD3DA227D281EB001DFE65 /* Storyboarded.swift */,
				B4BFEBE027D14403007919F6 /* Main.storyboard */,
				B4BFEBE327D14405007919F6 /* Assets.xcassets */,
				B4BFEBE527D14405007919F6 /* LaunchScreen.storyboard */,
				B4BFEBE827D14405007919F6 /* Info.plist */,
			);
			path = "MovieDB-MVC-Coordinator";
			sourceTree = "<group>";
		};
		B4FD3DA127D28123001DFE65 /* Controller */ = {
			isa = PBXGroup;
			children = (
				B4BFEBDE27D14403007919F6 /* ViewController.swift */,
				B4FD3DA727D284FE001DFE65 /* MovieViewController.swift */,
			);
			path = Controller;
			sourceTree = "<group>";
		};
/* End PBXGroup section */

/* Begin PBXNativeTarget section */
		B4BFEBD627D14403007919F6 /* MovieDB-MVC-Coordinator */ = {
			isa = PBXNativeTarget;
			buildConfigurationList = B4BFEBEB27D14405007919F6 /* Build configuration list for PBXNativeTarget "MovieDB-MVC-Coordinator" */;
			buildPhases = (
				B4BFEBD327D14403007919F6 /* Sources */,
				B4BFEBD427D14403007919F6 /* Frameworks */,
				B4BFEBD527D14403007919F6 /* Resources */,
			);
			buildRules = (
			);
			dependencies = (
			);
			name = "MovieDB-MVC-Coordinator";
			productName = "MovieDB-MVC-Coordinator";
			productReference = B4BFEBD727D14403007919F6 /* MovieDB-MVC-Coordinator.app */;
			productType = "com.apple.product-type.application";
		};
/* End PBXNativeTarget section */

/* Begin PBXProject section */
		B4BFEBCF27D14403007919F6 /* Project object */ = {
			isa = PBXProject;
			attributes = {
				BuildIndependentTargetsInParallel = 1;
				LastSwiftUpdateCheck = 1320;
				LastUpgradeCheck = 1320;
				TargetAttributes = {
					B4BFEBD627D14403007919F6 = {
						CreatedOnToolsVersion = 13.2.1;
					};
				};
			};
			buildConfigurationList = B4BFEBD227D14403007919F6 /* Build configuration list for PBXProject "MovieDB-MVC-Coordinator" */;
			compatibilityVersion = "Xcode 13.0";
			developmentRegion = en;
			hasScannedForEncodings = 0;
			knownRegions = (
				en,
				Base,
			);
			mainGroup = B4BFEBCE27D14403007919F6;
			productRefGroup = B4BFEBD827D14403007919F6 /* Products */;
			projectDirPath = "";
			projectRoot = "";
			targets = (
				B4BFEBD627D14403007919F6 /* MovieDB-MVC-Coordinator */,
			);
		};
/* End PBXProject section */

/* Begin PBXResourcesBuildPhase section */
		B4BFEBD527D14403007919F6 /* Resources */ = {
			isa = PBXResourcesBuildPhase;
			buildActionMask = 2147483647;
			files = (
				B4BFEBE727D14405007919F6 /* LaunchScreen.storyboard in Resources */,
				B4BFEBE427D14405007919F6 /* Assets.xcassets in Resources */,
				B4BFEBE227D14403007919F6 /* Main.storyboard in Resources */,
			);
			runOnlyForDeploymentPostprocessing = 0;
		};
/* End PBXResourcesBuildPhase section */

/* Begin PBXSourcesBuildPhase section */
		B4BFEBD327D14403007919F6 /* Sources */ = {
			isa = PBXSourcesBuildPhase;
			buildActionMask = 2147483647;
			files = (
				B4FD3D9E27D280E3001DFE65 /* Coordinator.swift in Sources */,
				B4FD3DA827D284FE001DFE65 /* MovieViewController.swift in Sources */,
				B4FD3DA627D28258001DFE65 /* MainCoordinator.swift in Sources */,
				B4BFEBDF27D14403007919F6 /* ViewController.swift in Sources */,
				B4FD3DA327D281EB001DFE65 /* Storyboarded.swift in Sources */,
				B4BFEBDB27D14403007919F6 /* AppDelegate.swift in Sources */,
				482EA3C927D68D340076C604 /* Movie.swift in Sources */,
				B4BFEBDD27D14403007919F6 /* SceneDelegate.swift in Sources */,
			);
			runOnlyForDeploymentPostprocessing = 0;
		};
/* End PBXSourcesBuildPhase section */

/* Begin PBXVariantGroup section */
		B4BFEBE027D14403007919F6 /* Main.storyboard */ = {
			isa = PBXVariantGroup;
			children = (
				B4BFEBE127D14403007919F6 /* Base */,
			);
			name = Main.storyboard;
			sourceTree = "<group>";
		};
		B4BFEBE527D14405007919F6 /* LaunchScreen.storyboard */ = {
			isa = PBXVariantGroup;
			children = (
				B4BFEBE627D14405007919F6 /* Base */,
			);
			name = LaunchScreen.storyboard;
			sourceTree = "<group>";
		};
/* End PBXVariantGroup section */

/* Begin XCBuildConfiguration section */
		B4BFEBE927D14405007919F6 /* Debug */ = {
			isa = XCBuildConfiguration;
			buildSettings = {
				ALWAYS_SEARCH_USER_PATHS = NO;
				CLANG_ANALYZER_NONNULL = YES;
				CLANG_ANALYZER_NUMBER_OBJECT_CONVERSION = YES_AGGRESSIVE;
				CLANG_CXX_LANGUAGE_STANDARD = "gnu++17";
				CLANG_CXX_LIBRARY = "libc++";
				CLANG_ENABLE_MODULES = YES;
				CLANG_ENABLE_OBJC_ARC = YES;
				CLANG_ENABLE_OBJC_WEAK = YES;
				CLANG_WARN_BLOCK_CAPTURE_AUTORELEASING = YES;
				CLANG_WARN_BOOL_CONVERSION = YES;
				CLANG_WARN_COMMA = YES;
				CLANG_WARN_CONSTANT_CONVERSION = YES;
				CLANG_WARN_DEPRECATED_OBJC_IMPLEMENTATIONS = YES;
				CLANG_WARN_DIRECT_OBJC_ISA_USAGE = YES_ERROR;
				CLANG_WARN_DOCUMENTATION_COMMENTS = YES;
				CLANG_WARN_EMPTY_BODY = YES;
				CLANG_WARN_ENUM_CONVERSION = YES;
				CLANG_WARN_INFINITE_RECURSION = YES;
				CLANG_WARN_INT_CONVERSION = YES;
				CLANG_WARN_NON_LITERAL_NULL_CONVERSION = YES;
				CLANG_WARN_OBJC_IMPLICIT_RETAIN_SELF = YES;
				CLANG_WARN_OBJC_LITERAL_CONVERSION = YES;
				CLANG_WARN_OBJC_ROOT_CLASS = YES_ERROR;
				CLANG_WARN_QUOTED_INCLUDE_IN_FRAMEWORK_HEADER = YES;
				CLANG_WARN_RANGE_LOOP_ANALYSIS = YES;
				CLANG_WARN_STRICT_PROTOTYPES = YES;
				CLANG_WARN_SUSPICIOUS_MOVE = YES;
				CLANG_WARN_UNGUARDED_AVAILABILITY = YES_AGGRESSIVE;
				CLANG_WARN_UNREACHABLE_CODE = YES;
				CLANG_WARN__DUPLICATE_METHOD_MATCH = YES;
				COPY_PHASE_STRIP = NO;
				DEBUG_INFORMATION_FORMAT = dwarf;
				ENABLE_STRICT_OBJC_MSGSEND = YES;
				ENABLE_TESTABILITY = YES;
				GCC_C_LANGUAGE_STANDARD = gnu11;
				GCC_DYNAMIC_NO_PIC = NO;
				GCC_NO_COMMON_BLOCKS = YES;
				GCC_OPTIMIZATION_LEVEL = 0;
				GCC_PREPROCESSOR_DEFINITIONS = (
					"DEBUG=1",
					"$(inherited)",
				);
				GCC_WARN_64_TO_32_BIT_CONVERSION = YES;
				GCC_WARN_ABOUT_RETURN_TYPE = YES_ERROR;
				GCC_WARN_UNDECLARED_SELECTOR = YES;
				GCC_WARN_UNINITIALIZED_AUTOS = YES_AGGRESSIVE;
				GCC_WARN_UNUSED_FUNCTION = YES;
				GCC_WARN_UNUSED_VARIABLE = YES;
				IPHONEOS_DEPLOYMENT_TARGET = 15.2;
				MTL_ENABLE_DEBUG_INFO = INCLUDE_SOURCE;
				MTL_FAST_MATH = YES;
				ONLY_ACTIVE_ARCH = YES;
				SDKROOT = iphoneos;
				SWIFT_ACTIVE_COMPILATION_CONDITIONS = DEBUG;
				SWIFT_OPTIMIZATION_LEVEL = "-Onone";
			};
			name = Debug;
		};
		B4BFEBEA27D14405007919F6 /* Release */ = {
			isa = XCBuildConfiguration;
			buildSettings = {
				ALWAYS_SEARCH_USER_PATHS = NO;
				CLANG_ANALYZER_NONNULL = YES;
				CLANG_ANALYZER_NUMBER_OBJECT_CONVERSION = YES_AGGRESSIVE;
				CLANG_CXX_LANGUAGE_STANDARD = "gnu++17";
				CLANG_CXX_LIBRARY = "libc++";
				CLANG_ENABLE_MODULES = YES;
				CLANG_ENABLE_OBJC_ARC = YES;
				CLANG_ENABLE_OBJC_WEAK = YES;
				CLANG_WARN_BLOCK_CAPTURE_AUTORELEASING = YES;
				CLANG_WARN_BOOL_CONVERSION = YES;
				CLANG_WARN_COMMA = YES;
				CLANG_WARN_CONSTANT_CONVERSION = YES;
				CLANG_WARN_DEPRECATED_OBJC_IMPLEMENTATIONS = YES;
				CLANG_WARN_DIRECT_OBJC_ISA_USAGE = YES_ERROR;
				CLANG_WARN_DOCUMENTATION_COMMENTS = YES;
				CLANG_WARN_EMPTY_BODY = YES;
				CLANG_WARN_ENUM_CONVERSION = YES;
				CLANG_WARN_INFINITE_RECURSION = YES;
				CLANG_WARN_INT_CONVERSION = YES;
				CLANG_WARN_NON_LITERAL_NULL_CONVERSION = YES;
				CLANG_WARN_OBJC_IMPLICIT_RETAIN_SELF = YES;
				CLANG_WARN_OBJC_LITERAL_CONVERSION = YES;
				CLANG_WARN_OBJC_ROOT_CLASS = YES_ERROR;
				CLANG_WARN_QUOTED_INCLUDE_IN_FRAMEWORK_HEADER = YES;
				CLANG_WARN_RANGE_LOOP_ANALYSIS = YES;
				CLANG_WARN_STRICT_PROTOTYPES = YES;
				CLANG_WARN_SUSPICIOUS_MOVE = YES;
				CLANG_WARN_UNGUARDED_AVAILABILITY = YES_AGGRESSIVE;
				CLANG_WARN_UNREACHABLE_CODE = YES;
				CLANG_WARN__DUPLICATE_METHOD_MATCH = YES;
				COPY_PHASE_STRIP = NO;
				DEBUG_INFORMATION_FORMAT = "dwarf-with-dsym";
				ENABLE_NS_ASSERTIONS = NO;
				ENABLE_STRICT_OBJC_MSGSEND = YES;
				GCC_C_LANGUAGE_STANDARD = gnu11;
				GCC_NO_COMMON_BLOCKS = YES;
				GCC_WARN_64_TO_32_BIT_CONVERSION = YES;
				GCC_WARN_ABOUT_RETURN_TYPE = YES_ERROR;
				GCC_WARN_UNDECLARED_SELECTOR = YES;
				GCC_WARN_UNINITIALIZED_AUTOS = YES_AGGRESSIVE;
				GCC_WARN_UNUSED_FUNCTION = YES;
				GCC_WARN_UNUSED_VARIABLE = YES;
				IPHONEOS_DEPLOYMENT_TARGET = 15.2;
				MTL_ENABLE_DEBUG_INFO = NO;
				MTL_FAST_MATH = YES;
				SDKROOT = iphoneos;
				SWIFT_COMPILATION_MODE = wholemodule;
				SWIFT_OPTIMIZATION_LEVEL = "-O";
				VALIDATE_PRODUCT = YES;
			};
			name = Release;
		};
		B4BFEBEC27D14405007919F6 /* Debug */ = {
			isa = XCBuildConfiguration;
			buildSettings = {
				ASSETCATALOG_COMPILER_APPICON_NAME = AppIcon;
				ASSETCATALOG_COMPILER_GLOBAL_ACCENT_COLOR_NAME = AccentColor;
				CODE_SIGN_STYLE = Automatic;
				CURRENT_PROJECT_VERSION = 1;
				DEVELOPMENT_TEAM = CUXQ8WM7SV;
				GENERATE_INFOPLIST_FILE = YES;
				INFOPLIST_FILE = "MovieDB-MVC-Coordinator/Info.plist";
				INFOPLIST_KEY_UIApplicationSupportsIndirectInputEvents = YES;
				INFOPLIST_KEY_UILaunchStoryboardName = LaunchScreen;
				INFOPLIST_KEY_UISupportedInterfaceOrientations_iPad = "UIInterfaceOrientationPortrait UIInterfaceOrientationPortraitUpsideDown UIInterfaceOrientationLandscapeLeft UIInterfaceOrientationLandscapeRight";
				INFOPLIST_KEY_UISupportedInterfaceOrientations_iPhone = "UIInterfaceOrientationPortrait UIInterfaceOrientationLandscapeLeft UIInterfaceOrientationLandscapeRight";
				LD_RUNPATH_SEARCH_PATHS = (
					"$(inherited)",
					"@executable_path/Frameworks",
				);
				MARKETING_VERSION = 1.0;
				PRODUCT_BUNDLE_IDENTIFIER = "JoaoBrentano.MovieDB-MVC-Coordinator";
				PRODUCT_NAME = "$(TARGET_NAME)";
				SWIFT_EMIT_LOC_STRINGS = YES;
				SWIFT_VERSION = 5.0;
				TARGETED_DEVICE_FAMILY = "1,2";
			};
			name = Debug;
		};
		B4BFEBED27D14405007919F6 /* Release */ = {
			isa = XCBuildConfiguration;
			buildSettings = {
				ASSETCATALOG_COMPILER_APPICON_NAME = AppIcon;
				ASSETCATALOG_COMPILER_GLOBAL_ACCENT_COLOR_NAME = AccentColor;
				CODE_SIGN_STYLE = Automatic;
				CURRENT_PROJECT_VERSION = 1;
				DEVELOPMENT_TEAM = CUXQ8WM7SV;
				GENERATE_INFOPLIST_FILE = YES;
				INFOPLIST_FILE = "MovieDB-MVC-Coordinator/Info.plist";
				INFOPLIST_KEY_UIApplicationSupportsIndirectInputEvents = YES;
				INFOPLIST_KEY_UILaunchStoryboardName = LaunchScreen;
				INFOPLIST_KEY_UISupportedInterfaceOrientations_iPad = "UIInterfaceOrientationPortrait UIInterfaceOrientationPortraitUpsideDown UIInterfaceOrientationLandscapeLeft UIInterfaceOrientationLandscapeRight";
				INFOPLIST_KEY_UISupportedInterfaceOrientations_iPhone = "UIInterfaceOrientationPortrait UIInterfaceOrientationLandscapeLeft UIInterfaceOrientationLandscapeRight";
				LD_RUNPATH_SEARCH_PATHS = (
					"$(inherited)",
					"@executable_path/Frameworks",
				);
				MARKETING_VERSION = 1.0;
				PRODUCT_BUNDLE_IDENTIFIER = "JoaoBrentano.MovieDB-MVC-Coordinator";
				PRODUCT_NAME = "$(TARGET_NAME)";
				SWIFT_EMIT_LOC_STRINGS = YES;
				SWIFT_VERSION = 5.0;
				TARGETED_DEVICE_FAMILY = "1,2";
			};
			name = Release;
		};
/* End XCBuildConfiguration section */

/* Begin XCConfigurationList section */
		B4BFEBD227D14403007919F6 /* Build configuration list for PBXProject "MovieDB-MVC-Coordinator" */ = {
			isa = XCConfigurationList;
			buildConfigurations = (
				B4BFEBE927D14405007919F6 /* Debug */,
				B4BFEBEA27D14405007919F6 /* Release */,
			);
			defaultConfigurationIsVisible = 0;
			defaultConfigurationName = Release;
		};
		B4BFEBEB27D14405007919F6 /* Build configuration list for PBXNativeTarget "MovieDB-MVC-Coordinator" */ = {
			isa = XCConfigurationList;
			buildConfigurations = (
				B4BFEBEC27D14405007919F6 /* Debug */,
				B4BFEBED27D14405007919F6 /* Release */,
			);
			defaultConfigurationIsVisible = 0;
			defaultConfigurationName = Release;
		};
/* End XCConfigurationList section */
	};
	rootObject = B4BFEBCF27D14403007919F6 /* Project object */;
}
